
Microsoft Visual Studio Solution File, Format Version 12.00
# Visual Studio Version 17
VisualStudioVersion = 17.14.36518.9 d17.14
MinimumVisualStudioVersion = 10.0.40219.1
Project("{888888A0-9F3D-457C-B088-3A5042F75D52}") = "pythonapplication", "pythonapplication\pythonapplication.pyproj", "{E0B9F482-0172-4969-9CAB-89BBEAD09765}"
EndProject
Global
	GlobalSection(SolutionConfigurationPlatforms) = preSolution
		Debug|Any CPU = Debug|Any CPU
		Release|Any CPU = Release|Any CPU
	EndGlobalSection
	GlobalSection(ProjectConfigurationPlatforms) = postSolution
		{E0B9F482-0172-4969-9CAB-89BBEAD09765}.Debug|Any CPU.ActiveCfg = Debug|Any CPU
		{E0B9F482-0172-4969-9CAB-89BBEAD09765}.Release|Any CPU.ActiveCfg = Release|Any CPU
	EndGlobalSection
	GlobalSection(SolutionProperties) = preSolution
		HideSolutionNode = FALSE
	EndGlobalSection
	GlobalSection(ExtensibilityGlobals) = postSolution
		SolutionGuid = {8BF82656-9009-477C-837A-730065C6E4DD}
	EndGlobalSection
EndGlobal
